{
  "version": 4,
  "terraform_version": "1.5.7",
  "serial": 473,
  "lineage": "fb6ea3d7-370d-3b01-a1cc-1fe8b1743ac4",
  "outputs": {
    "private": {
      "value": "-----BEGIN RSA PRIVATE KEY-----\nMIIJKAIBAAKCAgEAqs3xAh0oAXHg/5PlfMbJqeX7m9Eo7uk7+xLacRRF7sjH9rm/\nVkYl9uF2VY9H9DImFv0j6An3RFnP3SwxL35h1RnJGmNpg6QzHxT6UHoZrJ/CPmji\n7x1PQ4DBqrKztvZZwtGW133IXgO73sX2+NMIfWldQ6q3pS2nE3zk89zzHd+ZHOqg\nN52Wv0upWvu2AcUgyYrYskbeZZOSphIrBfjPYIZXWmOs0F3LLiEAWt2Bj5Pee2iJ\n6xGhvPKFrguuK8cvepPjpQoLypqCC4ETqvn30HyL1IQ0IdZbWP7hsPZQoGTwVQzi\nL0SJoP6QcE/tiN+YTg1PCaDSeWMuWZ9ofBKwJT76287Xyv5R2EwreYUslNlGY4od\noFUaSiwt8VHncjutaz2sEXdCaeHkVoANv/Sq1vFiZa1cJc8SI8c2609ZFgMXNm0W\nIPkj3VH6hbLBji4XH4h0Kq+tA2x0LJPn5WN2/YzPh5grYHdY2pCRcUOr/+C2Z2ha\nSt1LoVOHFes0yeHT7dLF5tZZeiZLer4AxqAMOh8D/9sf5EYMQzp2nzFFb0BZ8YVg\nAOFw6PJRZPQFS+IJztY8GSGO7ZYZK5LePaeVeAqc9/QWCSb62DMESH8rDpssA5l5\nzcsSHs5TgS9GC+sc83pzpEeHHKgA7S7YYFZ2Lhs/TqOIFK2xIvBShAwT67kCAwEA\nAQKCAgAEOjCa0snorz7YVHq7idf34n9FrfmLYC5h2meZoNzSOhno21QG+Jl78LyT\nBYbMXmle7Ej1NzntcSOZ37wf5srZEVhO1OMJpQi23jgLwdnc0d9m2AW10U3i587j\nQKT+BD7YeYN4Nd69pO4DZ3bjVaXCJNdwE0uURPr7mn24I2HI/X22n3/zoGzYszCv\n1cb9aDmVg2A1mVdrwClC/vQdo7jONMT4sbrXNVsP+zUdCppoSUqaV04CiV8tY/s3\nAYcAAmAEcqCRtxvvmb9aNYmdE660dECps9PuenWsUDKZxJ7eOWFRWY5HiTS2zVYZ\n0YCZgJ8uX1nzbQ2If5HoGe/mEjhVyUg/UMwqSQ9rZ3thnAeJoypRY0bv3XB3e8j1\nW5rD7BfeiN9Zw/fhCWvBdInt8I8t2A8oNIYiAdcSwk7QxJZzRdeUykVqNCUeMGqj\nYvGpLxCxPXvWTegGafiJ+zR8OrRnA6pCy/7vGEvEqRx8zAiSZeeOsXjFqOMaTPjN\nEijSy5Do02PZHLyvTKl+juDZH+CpZgMHIta0z5OjcakW1CwVPbCNbn6AgP5hH0Wk\nGSr8AkTRB9t39vwLtk+rQeTljL59XilytK//O5wfr+N4bbmT1R1rbKmfeUSkbTkU\nNxocW3t2+TI1wErRSByZR/VFqRTrn9w0hozmqFJe/8Vo/H0QmQKCAQEA3qZ/4rM2\nO409M83NpTiHX0q/ymzPOfekP9fMQIJgojd8luZeynxYYvGqwjTcPlhfz6/clyaM\n4/aUjvOZCuZjjCpYXFhUWMVmkgihQ77GzJ0gOeKrcUXNhVd4HSiGjeHCw5DTSaJj\nIp1JXhiplfJJL72+yV+1Y7zCKGh1u4g48yWoelsVsicKpsEctb8So6EUAz4oSCoD\ndEih3bbBk3uWLgfBY+FtlpFwsqW7MGA+HljZu3j2F+kaBMKXJsDpDYLCo5YmHVa0\n6XCkcdQQn7AbUsRhpJHZ3prW2rxzxLPDQNkRjYpl3ko38Gu59MxIxq/3LpVh98SO\n7I4QQ5h2dOG+uwKCAQEAxGNql/GWxusLAxe9A3EbQSvZKMENBZ49tzxlX6ix0a5W\nEh1ZxDBJemdToEW3cVTtTv6RWCD+4XejNDn/V9OgbQFJGOqMTSRUapYRAfFlujJL\nWmS08kb2dLFjYTWENcJpzwqMLW7u7qNtErmBNEvLw+r9r8sObSCE4MQGTvDp4wxG\nj40lA7dSj4OLvnxqUqCcDxRCmo+o5yh69mQ/RZNU2JaCWlLbV6zyJftPCtAdCLDA\nmUNSoXp4mfVst9k8Wk24I/pfO6XF8J7UvTe+eJMCpBBs6bFSeyA1CIBp4ELSrC/s\njbX1GUlFel0bx7DtNRaYp+B5BS+aZR4hLDBOURyKGwKCAQAW23D1jQBcTLujvdUG\nyS7ckYfu+AyuHsY156mIVdolzRx1QWEp2GoafkTReyvBGsF7SMqUmdiM7puBsXBc\nthoyIYbAtDC0jE9jXo9vrP4rs1XDm4mOL2RR9BDYrXhiyHJ+MTf/rzQOMad+iXmf\ncyggRpJ3iePNQWuNSmwLvIhcLdmF9iPcDjYBuIGCBwOa2MZ9Lrxj7Cw+m9ZCNKja\nwy0/vHwWDOZ7NqMjM/BrnvXBl82CeYCKI9wP8QojaFqEkI/6y0dOa8BW1sGLDgJG\n4oVrkc2UX4TGXY8BFaes4eeBmMc8iKC8mVH01Jpajz5JZ3cwyRUtongpwMvapKRE\ni4hRAoIBAGfbM2m7J0N21VIDYb/KNuGWMLdusFZCQtz+IZYe/jqm+XmG8AvihVkn\n/3+InuReR0k5Mt/qQyA1Rqe97B0kG3jJ70Av+ZZqGgJr7f6bDHMVWegpzc86W+eG\nT8n+pTZQ4+fL6im0usKUxn/afkuLseyf/xzSQ4TOZ7b9s2BX4zhhK4eK2wJGFnEy\n3doUrZ2Yti77ReW7B1WHgM+AYD2JFpubrL/bhYeuPDh92GUdfd00rAXhJnei7ths\ng9wOE+6lnzXXmDlRB4aiWFrgeegFxqXA0fgcAESA2crvLg6dCBBrH6wph76hkw6M\n4r4OAMPMeVp+SUHG1N2Yu25E9YXLk/UCggEBAMCsOYRpENteH7Q5Y5488IdBlWhr\n0dgJ8vyGTz4ZWaT0V+i1OgnxmnScXot+dzR+poQSBl/1TxBE9ph4BhuaVzKZUWi7\nZFjMZrHgIjqegg+F+HFQBV8LU1z94w2bBHE29WBaGqFL6Dso2RPPjG+s+71u62/I\n1IdZLHngF/NCHknpo82jpOSqX5/c3piiGPljcbSc292yYx2eue3OZtnol+XzhzOM\nvS29mb+FwQUV/6M3DVMPDskNUNesDtTkr0f3aV6ltBP/WPrklQJehuG8ROHfkGBV\nwuSan+98qw7Y7yW/g6ukWreCT9z/+87X/HguonptmVUBUY1dxtK2jn7ki8c=\n-----END RSA PRIVATE KEY-----\n",
      "type": "string",
      "sensitive": true
    }
  },
  "resources": [
    {
      "mode": "data",
      "type": "aws_acm_certificate",
      "name": "cert",
      "provider": "provider[\"registry.terraform.io/hashicorp/aws\"]",
      "instances": [
        {
          "schema_version": 0,
          "attributes": {
            "arn": "arn:aws:acm:us-east-1:588145296810:certificate/2d5bf746-5acd-4571-ac9a-fb9704a722b5",
            "certificate": "-----BEGIN CERTIFICATE-----\nMIIFxzCCBK+gAwIBAgIQDODblEVasgZyFSNNTjR9cjANBgkqhkiG9w0BAQsFADA8\nMQswCQYDVQQGEwJVUzEPMA0GA1UEChMGQW1hem9uMRwwGgYDVQQDExNBbWF6b24g\nUlNBIDIwNDggTTAyMB4XDTIzMTIwOTAwMDAwMFoXDTI1MDEwNzIzNTk1OVowGTEX\nMBUGA1UEAwwOKi5kZXZvcHMxLmxpbmswggEiMA0GCSqGSIb3DQEBAQUAA4IBDwAw\nggEKAoIBAQCi+TUVUH2vDKsoG2qRKxnBRulKHPXSKTaVCR4hpyWWNx1aXVUN/pnv\nZXA0uD4ACTskrGPxeohDNXZZFdaOjgIY2UN2WIO0AeENwmBln9jzTCruLU4RexyR\nbTfc8Dplp60N5jjKEkVL56dItZLUfD+elM0WqxnhPB8MsV4BM6iJF3kTtOjGCzdc\n8lqE4pKrJ05CTlLxd0xtBAIkgmiLv0FqM2cEthY9TqEdNxJl43xmuFZshx8wSDFe\nt1JgrR0HUP0gacXdmE+OqyESxwRtG4lfeJY46Jzp5HjmpAxlNIXNuYn37oGly+mz\nMv5htvnCitmInBZqNKkUsg2MzfBNLAB1AgMBAAGjggLmMIIC4jAfBgNVHSMEGDAW\ngBTAMVLNWlDDgnx0cc7L6Zz5euuC4jAdBgNVHQ4EFgQUIMqSLv/Kk8zZigOja0Yy\n0YrEpcswGQYDVR0RBBIwEIIOKi5kZXZvcHMxLmxpbmswEwYDVR0gBAwwCjAIBgZn\ngQwBAgEwDgYDVR0PAQH/BAQDAgWgMB0GA1UdJQQWMBQGCCsGAQUFBwMBBggrBgEF\nBQcDAjA7BgNVHR8ENDAyMDCgLqAshipodHRwOi8vY3JsLnIybTAyLmFtYXpvbnRy\ndXN0LmNvbS9yMm0wMi5jcmwwdQYIKwYBBQUHAQEEaTBnMC0GCCsGAQUFBzABhiFo\ndHRwOi8vb2NzcC5yMm0wMi5hbWF6b250cnVzdC5jb20wNgYIKwYBBQUHMAKGKmh0\ndHA6Ly9jcnQucjJtMDIuYW1hem9udHJ1c3QuY29tL3IybTAyLmNlcjAMBgNVHRMB\nAf8EAjAAMIIBfQYKKwYBBAHWeQIEAgSCAW0EggFpAWcAdgDPEVbu1S58r/OHW9lp\nLpvpGnFnSrAX7KwB0lt3zsw7CAAAAYxMXoSfAAAEAwBHMEUCIQCe1Bgz+fdB2R/c\nB2beGzmUeKNG3UnSekMFPGGhAKt7XgIgOFxl3cfbdepkc8bmcGG+R8/DIV3tblU+\n003FdQeZfisAdgA/F0tP1yJHWJQdZRyEvg0S7ZA3fx+FauvBvyiF7PhkbgAAAYxM\nXoSUAAAEAwBHMEUCIQCKRrhnNbrBZt1OFWOUuq/dutDfz8X13oOGyUz5bGqy6wIg\nX6SUpU1g+VjME69fJvDa5BR9/MyovRzSIqjIwp8Nm5sAdQB9WR4S4XgqexxhZ3xe\n/fjQh1wUoE6VnrkDL9kOjC55uAAAAYxMXoSCAAAEAwBGMEQCICss52KU46kJPTFx\nld4FnrHbzayxrK9IYRZbwo3mAMoDAiBDR0isNQ1c31AFem3iCO2suyAWJ07EVAQd\n1XeW703jbjANBgkqhkiG9w0BAQsFAAOCAQEAYE79HyYbZ6Z2zbRnvOg0w883D8mK\nOxOAHgqOQCilY6c/vSa4pcI05XaPRRqM6xNq14NgfTgSZCGf05hjFbB0632sMNKR\nJB4KvKS88FnMWS+o3kIiut0Uac9E5DPpfRnEZgYL6rEfOBqk8YabeQReOp0xgDEW\nUuG/bJMfUS0vXU5G8wQ05TIniLA4X8RgU/mzje8gEyYQmdC7DBtk5pQU9U+WxyGS\nniSmWyUhxKlC/OnSWpcgeuO1HmoNL5+oaIa2hvDfQlU+WS/OZrAIyEJ/HC5o0HGr\nW7ffSJQXdRSGdatgrlEf8Fq/RY0uMm7x7/cjbEtg5HNC/QW4CuetTUqUHg==\n-----END CERTIFICATE-----\n",
            "certificate_chain": "-----BEGIN CERTIFICATE-----\nMIIEXjCCA0agAwIBAgITB3MSSkvL1E7HtTvq8ZSELToPoTANBgkqhkiG9w0BAQsF\nADA5MQswCQYDVQQGEwJVUzEPMA0GA1UEChMGQW1hem9uMRkwFwYDVQQDExBBbWF6\nb24gUm9vdCBDQSAxMB4XDTIyMDgyMzIyMjUzMFoXDTMwMDgyMzIyMjUzMFowPDEL\nMAkGA1UEBhMCVVMxDzANBgNVBAoTBkFtYXpvbjEcMBoGA1UEAxMTQW1hem9uIFJT\nQSAyMDQ4IE0wMjCCASIwDQYJKoZIhvcNAQEBBQADggEPADCCAQoCggEBALtDGMZa\nqHneKei1by6+pUPPLljTB143Si6VpEWPc6mSkFhZb/6qrkZyoHlQLbDYnI2D7hD0\nsdzEqfnuAjIsuXQLG3A8TvX6V3oFNBFVe8NlLJHvBseKY88saLwufxkZVwk74g4n\nWlNMXzla9Y5F3wwRHwMVH443xGz6UtGSZSqQ94eFx5X7Tlqt8whi8qCaKdZ5rNak\n+r9nUThOeClqFd4oXych//Rc7Y0eX1KNWHYSI1Nk31mYgiK3JvH063g+K9tHA63Z\neTgKgndlh+WI+zv7i44HepRZjA1FYwYZ9Vv/9UkC5Yz8/yU65fgjaE+wVHM4e/Yy\nC2osrPWE7gJ+dXMCAwEAAaOCAVowggFWMBIGA1UdEwEB/wQIMAYBAf8CAQAwDgYD\nVR0PAQH/BAQDAgGGMB0GA1UdJQQWMBQGCCsGAQUFBwMBBggrBgEFBQcDAjAdBgNV\nHQ4EFgQUwDFSzVpQw4J8dHHOy+mc+XrrguIwHwYDVR0jBBgwFoAUhBjMhTTsvAyU\nlC4IWZzHshBOCggwewYIKwYBBQUHAQEEbzBtMC8GCCsGAQUFBzABhiNodHRwOi8v\nb2NzcC5yb290Y2ExLmFtYXpvbnRydXN0LmNvbTA6BggrBgEFBQcwAoYuaHR0cDov\nL2NydC5yb290Y2ExLmFtYXpvbnRydXN0LmNvbS9yb290Y2ExLmNlcjA/BgNVHR8E\nODA2MDSgMqAwhi5odHRwOi8vY3JsLnJvb3RjYTEuYW1hem9udHJ1c3QuY29tL3Jv\nb3RjYTEuY3JsMBMGA1UdIAQMMAowCAYGZ4EMAQIBMA0GCSqGSIb3DQEBCwUAA4IB\nAQAtTi6Fs0Azfi+iwm7jrz+CSxHH+uHl7Law3MQSXVtR8RV53PtR6r/6gNpqlzdo\nZq4FKbADi1v9Bun8RY8D51uedRfjsbeodizeBB8nXmeyD33Ep7VATj4ozcd31YFV\nfgRhvTSxNrrTlNpWkUk0m3BMPv8sg381HhA6uEYokE5q9uws/3YkKqRiEz3TsaWm\nJqIRZhMbgAfp7O7FUwFIb7UIspogZSKxPIWJpxiPo3TcBambbVtQOcNRWz5qCQdD\nslI2yayq0n2TXoHyNCLEH8rpsJRVILFsg0jc7BaFrMnF462+ajSehgj12IidNeRN\n4zl+EoNaWdpnWndvSpAEkq2P\n-----END CERTIFICATE-----\n-----BEGIN CERTIFICATE-----\nMIIEkjCCA3qgAwIBAgITBn+USionzfP6wq4rAfkI7rnExjANBgkqhkiG9w0BAQsF\nADCBmDELMAkGA1UEBhMCVVMxEDAOBgNVBAgTB0FyaXpvbmExEzARBgNVBAcTClNj\nb3R0c2RhbGUxJTAjBgNVBAoTHFN0YXJmaWVsZCBUZWNobm9sb2dpZXMsIEluYy4x\nOzA5BgNVBAMTMlN0YXJmaWVsZCBTZXJ2aWNlcyBSb290IENlcnRpZmljYXRlIEF1\ndGhvcml0eSAtIEcyMB4XDTE1MDUyNTEyMDAwMFoXDTM3MTIzMTAxMDAwMFowOTEL\nMAkGA1UEBhMCVVMxDzANBgNVBAoTBkFtYXpvbjEZMBcGA1UEAxMQQW1hem9uIFJv\nb3QgQ0EgMTCCASIwDQYJKoZIhvcNAQEBBQADggEPADCCAQoCggEBALJ4gHHKeNXj\nca9HgFB0fW7Y14h29Jlo91ghYPl0hAEvrAIthtOgQ3pOsqTQNroBvo3bSMgHFzZM\n9O6II8c+6zf1tRn4SWiw3te5djgdYZ6k/oI2peVKVuRF4fn9tBb6dNqcmzU5L/qw\nIFAGbHrQgLKm+a/sRxmPUDgH3KKHOVj4utWp+UhnMJbulHheb4mjUcAwhmahRWa6\nVOujw5H5SNz/0egwLX0tdHA114gk957EWW67c4cX8jJGKLhD+rcdqsq08p8kDi1L\n93FcXmn/6pUCyziKrlA4b9v7LWIbxcceVOF34GfID5yHI9Y/QCB/IIDEgEw+OyQm\njgSubJrIqg0CAwEAAaOCATEwggEtMA8GA1UdEwEB/wQFMAMBAf8wDgYDVR0PAQH/\nBAQDAgGGMB0GA1UdDgQWBBSEGMyFNOy8DJSULghZnMeyEE4KCDAfBgNVHSMEGDAW\ngBScXwDfqgHXMCs4iKK4bUqc8hGRgzB4BggrBgEFBQcBAQRsMGowLgYIKwYBBQUH\nMAGGImh0dHA6Ly9vY3NwLnJvb3RnMi5hbWF6b250cnVzdC5jb20wOAYIKwYBBQUH\nMAKGLGh0dHA6Ly9jcnQucm9vdGcyLmFtYXpvbnRydXN0LmNvbS9yb290ZzIuY2Vy\nMD0GA1UdHwQ2MDQwMqAwoC6GLGh0dHA6Ly9jcmwucm9vdGcyLmFtYXpvbnRydXN0\nLmNvbS9yb290ZzIuY3JsMBEGA1UdIAQKMAgwBgYEVR0gADANBgkqhkiG9w0BAQsF\nAAOCAQEAYjdCXLwQtT6LLOkMm2xF4gcAevnFWAu5CIw+7bMlPLVvUOTNNWqnkzSW\nMiGpSESrnO09tKpzbeR/FoCJbM8oAxiDR3mjEH4wW6w7sGDgd9QIpuEdfF7Au/ma\neyKdpwAJfqxGF4PcnCZXmTA5YpaP7dreqsXMGz7KQ2hsVxa81Q4gLv7/wmpdLqBK\nbRRYh5TmOTFffHPLkIhqhBGWJ6bt2YFGpn6jcgAKUj6DiAdjd4lpFw85hdKrCEVN\n0FE6/V1dN2RMfjCyVSRCnTawXZwXgWHxyvkQAiSr6w10kY17RSlQOYiypok1JR4U\nakcjMS9cmvqtmg5iUaQqqcT5NJ0hGA==\n-----END CERTIFICATE-----\n-----BEGIN CERTIFICATE-----\nMIIEdTCCA12gAwIBAgIJAKcOSkw0grd/MA0GCSqGSIb3DQEBCwUAMGgxCzAJBgNV\nBAYTAlVTMSUwIwYDVQQKExxTdGFyZmllbGQgVGVjaG5vbG9naWVzLCBJbmMuMTIw\nMAYDVQQLEylTdGFyZmllbGQgQ2xhc3MgMiBDZXJ0aWZpY2F0aW9uIEF1dGhvcml0\neTAeFw0wOTA5MDIwMDAwMDBaFw0zNDA2MjgxNzM5MTZaMIGYMQswCQYDVQQGEwJV\nUzEQMA4GA1UECBMHQXJpem9uYTETMBEGA1UEBxMKU2NvdHRzZGFsZTElMCMGA1UE\nChMcU3RhcmZpZWxkIFRlY2hub2xvZ2llcywgSW5jLjE7MDkGA1UEAxMyU3RhcmZp\nZWxkIFNlcnZpY2VzIFJvb3QgQ2VydGlmaWNhdGUgQXV0aG9yaXR5IC0gRzIwggEi\nMA0GCSqGSIb3DQEBAQUAA4IBDwAwggEKAoIBAQDVDDrEKvlO4vW+GZdfjohTsR8/\ny8+fIBNtKTrID30892t2OGPZNmCom15cAICyL1l/9of5JUOG52kbUpqQ4XHj2C0N\nTm/2yEnZtvMaVq4rtnQU68/7JuMauh2WLmo7WJSJR1b/JaCTcFOD2oR0FMNnngRo\nOt+OQFodSk7PQ5E751bWAHDLUu57fa4657wx+UX2wmDPE1kCK4DMNEffud6QZW0C\nzyyRpqbn3oUYSXxmTqM6bam17jQuug0DuDPfR+uxa40l2ZvOgdFFRjKWcIfeAg5J\nQ4W2bHO7ZOphQazJ1FTfhy/HIrImzJ9ZVGif/L4qL8RVHHVAYBeFAlU5i38FAgMB\nAAGjgfAwge0wDwYDVR0TAQH/BAUwAwEB/zAOBgNVHQ8BAf8EBAMCAYYwHQYDVR0O\nBBYEFJxfAN+qAdcwKziIorhtSpzyEZGDMB8GA1UdIwQYMBaAFL9ft9HO3R+G9FtV\nrNzXEMIOqYjnME8GCCsGAQUFBwEBBEMwQTAcBggrBgEFBQcwAYYQaHR0cDovL28u\nc3MyLnVzLzAhBggrBgEFBQcwAoYVaHR0cDovL3guc3MyLnVzL3guY2VyMCYGA1Ud\nHwQfMB0wG6AZoBeGFWh0dHA6Ly9zLnNzMi51cy9yLmNybDARBgNVHSAECjAIMAYG\nBFUdIAAwDQYJKoZIhvcNAQELBQADggEBACMd44pXyn3pF3lM8R5V/cxTbj5HD9/G\nVfKyBDbtgB9TxF00KGu+x1X8Z+rLP3+QsjPNG1gQggL4+C/1E2DUBc7xgQjB3ad1\nl08YuW3e95ORCLp+QCztweq7dp4zBncdDQh/U90bZKuCJ/Fp1U1ervShw3WnWEQt\n8jxwmKy6abaVd38PMV4s/KCHOkdp8Hlf9BRUpJVeEXgSYCfOn8J3/yNTd126/+pZ\n59vPr5KW7ySaNRB6nJHGDn2Z9j8Z3/VyVOEVqQdZe4O/Ui5GjLIAZHYcSNPYeehu\nVsyuLAOQ1xk4meTKCRlb/weWsKh/NEnfVqn3sF/tM+2MR7cwA130A4w=\n-----END CERTIFICATE-----\n",
            "domain": "*.devops1.link",
            "id": "arn:aws:acm:us-east-1:588145296810:certificate/2d5bf746-5acd-4571-ac9a-fb9704a722b5",
            "key_types": null,
            "most_recent": true,
            "status": "ISSUED",
            "statuses": [
              "ISSUED"
            ],
            "tags": {},
            "types": null
          },
          "sensitive_attributes": []
        }
      ]
    },
    {
      "mode": "data",
      "type": "aws_route53_zone",
      "name": "dns",
      "provider": "provider[\"registry.terraform.io/hashicorp/aws\"]",
      "instances": [
        {
          "schema_version": 0,
          "attributes": {
            "arn": "arn:aws:route53:::hostedzone/Z009629423OS9JEP6BEGY",
            "caller_reference": "4eed23cb-9288-406a-af5a-8dc208439576",
            "comment": "",
            "id": "Z009629423OS9JEP6BEGY",
            "linked_service_description": null,
            "linked_service_principal": null,
            "name": "devops1.link",
            "name_servers": [
              "ns-298.awsdns-37.com",
              "ns-1840.awsdns-38.co.uk",
              "ns-986.awsdns-59.net",
              "ns-1109.awsdns-10.org"
            ],
            "primary_name_server": "ns-298.awsdns-37.com",
            "private_zone": false,
            "resource_record_set_count": 8,
            "tags": {},
            "vpc_id": null,
            "zone_id": "Z009629423OS9JEP6BEGY"
          },
          "sensitive_attributes": []
        }
      ]
    },
    {
      "mode": "data",
      "type": "aws_vpc",
      "name": "selected",
      "provider": "provider[\"registry.terraform.io/hashicorp/aws\"]",
      "instances": [
        {
          "schema_version": 0,
          "attributes": {
            "arn": "arn:aws:ec2:us-east-1:588145296810:vpc/vpc-0051a73b1b6ffa914",
            "cidr_block": "172.31.0.0/16",
            "cidr_block_associations": [
              {
                "association_id": "vpc-cidr-assoc-0ebce584f1f1b2028",
                "cidr_block": "172.31.0.0/16",
                "state": "associated"
              }
            ],
            "default": true,
            "dhcp_options_id": "dopt-0368fb35ab2fd67e6",
            "enable_dns_hostnames": true,
            "enable_dns_support": true,
            "enable_network_address_usage_metrics": false,
            "filter": null,
            "id": "vpc-0051a73b1b6ffa914",
            "instance_tenancy": "default",
            "ipv6_association_id": "",
            "ipv6_cidr_block": "",
            "main_route_table_id": "rtb-0522164055eb2e735",
            "owner_id": "588145296810",
            "state": null,
            "tags": {
              "Name": "Default-VPC"
            },
            "timeouts": null
          },
          "sensitive_attributes": []
        }
      ]
    },
    {
      "mode": "managed",
      "type": "aws_alb_listener",
      "name": "rancher-listener1",
      "provider": "provider[\"registry.terraform.io/hashicorp/aws\"]",
      "instances": [
        {
          "schema_version": 0,
          "attributes": {
            "alpn_policy": null,
            "arn": "arn:aws:elasticloadbalancing:us-east-1:588145296810:listener/app/petclinic-rancher-alb-oliver/024003da63659540/c227232163e3dcfe",
            "certificate_arn": "arn:aws:acm:us-east-1:588145296810:certificate/2d5bf746-5acd-4571-ac9a-fb9704a722b5",
            "default_action": [
              {
                "authenticate_cognito": [],
                "authenticate_oidc": [],
                "fixed_response": [],
                "forward": [],
                "order": 1,
                "redirect": [],
                "target_group_arn": "arn:aws:elasticloadbalancing:us-east-1:588145296810:targetgroup/clarus-rancher-http-80-tg-oliver/67d907b70cd8a84e",
                "type": "forward"
              }
            ],
            "id": "arn:aws:elasticloadbalancing:us-east-1:588145296810:listener/app/petclinic-rancher-alb-oliver/024003da63659540/c227232163e3dcfe",
            "load_balancer_arn": "arn:aws:elasticloadbalancing:us-east-1:588145296810:loadbalancer/app/petclinic-rancher-alb-oliver/024003da63659540",
            "port": 443,
            "protocol": "HTTPS",
            "ssl_policy": "ELBSecurityPolicy-2016-08",
            "tags": {},
            "tags_all": {},
            "timeouts": null
          },
          "sensitive_attributes": [],
          "private": "eyJlMmJmYjczMC1lY2FhLTExZTYtOGY4OC0zNDM2M2JjN2M0YzAiOnsicmVhZCI6NjAwMDAwMDAwMDAwfX0=",
          "dependencies": [
            "aws_alb_target_group.rancher-tg",
            "aws_lb.rancher-alb",
            "aws_security_group.rancher-alb",
            "data.aws_acm_certificate.cert"
          ]
        }
      ]
    },
    {
      "mode": "managed",
      "type": "aws_alb_listener",
      "name": "rancher-listener2",
      "provider": "provider[\"registry.terraform.io/hashicorp/aws\"]",
      "instances": [
        {
          "schema_version": 0,
          "attributes": {
            "alpn_policy": null,
            "arn": "arn:aws:elasticloadbalancing:us-east-1:588145296810:listener/app/petclinic-rancher-alb-oliver/024003da63659540/20d31368e6a3d2a5",
            "certificate_arn": null,
            "default_action": [
              {
                "authenticate_cognito": [],
                "authenticate_oidc": [],
                "fixed_response": [],
                "forward": [],
                "order": 1,
                "redirect": [
                  {
                    "host": "#{host}",
                    "path": "/#{path}",
                    "port": "443",
                    "protocol": "HTTPS",
                    "query": "#{query}",
                    "status_code": "HTTP_301"
                  }
                ],
                "target_group_arn": "",
                "type": "redirect"
              }
            ],
            "id": "arn:aws:elasticloadbalancing:us-east-1:588145296810:listener/app/petclinic-rancher-alb-oliver/024003da63659540/20d31368e6a3d2a5",
            "load_balancer_arn": "arn:aws:elasticloadbalancing:us-east-1:588145296810:loadbalancer/app/petclinic-rancher-alb-oliver/024003da63659540",
            "port": 80,
            "protocol": "HTTP",
            "ssl_policy": "",
            "tags": {},
            "tags_all": {},
            "timeouts": null
          },
          "sensitive_attributes": [],
          "private": "eyJlMmJmYjczMC1lY2FhLTExZTYtOGY4OC0zNDM2M2JjN2M0YzAiOnsicmVhZCI6NjAwMDAwMDAwMDAwfX0=",
          "dependencies": [
            "aws_lb.rancher-alb",
            "aws_security_group.rancher-alb"
          ]
        }
      ]
    },
    {
      "mode": "managed",
      "type": "aws_alb_target_group",
      "name": "rancher-tg",
      "provider": "provider[\"registry.terraform.io/hashicorp/aws\"]",
      "instances": [
        {
          "schema_version": 0,
          "attributes": {
            "arn": "arn:aws:elasticloadbalancing:us-east-1:588145296810:targetgroup/clarus-rancher-http-80-tg-oliver/67d907b70cd8a84e",
            "arn_suffix": "targetgroup/clarus-rancher-http-80-tg-oliver/67d907b70cd8a84e",
            "connection_termination": false,
            "deregistration_delay": "300",
            "health_check": [
              {
                "enabled": true,
                "healthy_threshold": 3,
                "interval": 10,
                "matcher": "200",
                "path": "/healthz",
                "port": "traffic-port",
                "protocol": "HTTP",
                "timeout": 5,
                "unhealthy_threshold": 3
              }
            ],
            "id": "arn:aws:elasticloadbalancing:us-east-1:588145296810:targetgroup/clarus-rancher-http-80-tg-oliver/67d907b70cd8a84e",
            "ip_address_type": "ipv4",
            "lambda_multi_value_headers_enabled": false,
            "load_balancing_algorithm_type": "round_robin",
            "load_balancing_cross_zone_enabled": "use_load_balancer_configuration",
            "name": "clarus-rancher-http-80-tg-oliver",
            "name_prefix": null,
            "port": 80,
            "preserve_client_ip": null,
            "protocol": "HTTP",
            "protocol_version": "HTTP1",
            "proxy_protocol_v2": false,
            "slow_start": 0,
            "stickiness": [
              {
                "cookie_duration": 86400,
                "cookie_name": "",
                "enabled": false,
                "type": "lb_cookie"
              }
            ],
            "tags": {},
            "tags_all": {},
            "target_failover": [
              {
                "on_deregistration": null,
                "on_unhealthy": null
              }
            ],
            "target_type": "instance",
            "vpc_id": "vpc-0051a73b1b6ffa914"
          },
          "sensitive_attributes": [],
          "private": "bnVsbA=="
        }
      ]
    },
    {
      "mode": "managed",
      "type": "aws_alb_target_group_attachment",
      "name": "rancher-attach",
      "provider": "provider[\"registry.terraform.io/hashicorp/aws\"]",
      "instances": [
        {
          "schema_version": 0,
          "attributes": {
            "availability_zone": null,
            "id": "arn:aws:elasticloadbalancing:us-east-1:588145296810:targetgroup/clarus-rancher-http-80-tg-oliver/67d907b70cd8a84e-20241115125044888900000002",
            "port": null,
            "target_group_arn": "arn:aws:elasticloadbalancing:us-east-1:588145296810:targetgroup/clarus-rancher-http-80-tg-oliver/67d907b70cd8a84e",
            "target_id": "i-04224f09aab81410c"
          },
          "sensitive_attributes": [],
          "private": "bnVsbA==",
          "dependencies": [
            "aws_alb_target_group.rancher-tg",
            "aws_iam_instance_profile.profile_for_rancher",
            "aws_iam_role.role_for_rancher",
            "aws_instance.tf-rancher-server",
            "aws_key_pair.generated_key",
            "aws_security_group.rancher-alb",
            "aws_security_group.tf-rancher-sec-gr",
            "tls_private_key.example"
          ]
        }
      ]
    },
    {
      "mode": "managed",
      "type": "aws_iam_instance_profile",
      "name": "profile_for_rancher",
      "provider": "provider[\"registry.terraform.io/hashicorp/aws\"]",
      "instances": [
        {
          "schema_version": 0,
          "attributes": {
            "arn": "arn:aws:iam::588145296810:instance-profile/petclinic_role_rancher-oliver",
            "create_date": "2024-11-15T12:50:25Z",
            "id": "petclinic_role_rancher-oliver",
            "name": "petclinic_role_rancher-oliver",
            "name_prefix": "",
            "path": "/",
            "role": "petclinic_role_rancher-oliver",
            "tags": {},
            "tags_all": {},
            "unique_id": "AIPAYR4BRAWVA5ZTL72C4"
          },
          "sensitive_attributes": [],
          "private": "bnVsbA==",
          "dependencies": [
            "aws_iam_role.role_for_rancher"
          ]
        }
      ]
    },
    {
      "mode": "managed",
      "type": "aws_iam_policy",
      "name": "policy_for_rke-controlplane_role",
      "provider": "provider[\"registry.terraform.io/hashicorp/aws\"]",
      "instances": [
        {
          "schema_version": 0,
          "attributes": {
            "arn": "arn:aws:iam::588145296810:policy/petclinic_policy_for_rke-controlplane_role",
            "description": "",
            "id": "arn:aws:iam::588145296810:policy/petclinic_policy_for_rke-controlplane_role",
            "name": "petclinic_policy_for_rke-controlplane_role",
            "name_prefix": "",
            "path": "/",
            "policy": "{\"Statement\":[{\"Action\":[\"autoscaling:DescribeAutoScalingGroups\",\"autoscaling:DescribeLaunchConfigurations\",\"autoscaling:DescribeTags\",\"ec2:DescribeInstances\",\"ec2:DescribeRegions\",\"ec2:DescribeRouteTables\",\"ec2:DescribeSecurityGroups\",\"ec2:DescribeSubnets\",\"ec2:DescribeVolumes\",\"ec2:CreateSecurityGroup\",\"ec2:CreateTags\",\"ec2:CreateVolume\",\"ec2:ModifyInstanceAttribute\",\"ec2:ModifyVolume\",\"ec2:AttachVolume\",\"ec2:AuthorizeSecurityGroupIngress\",\"ec2:CreateRoute\",\"ec2:DeleteRoute\",\"ec2:DeleteSecurityGroup\",\"ec2:DeleteVolume\",\"ec2:DetachVolume\",\"ec2:RevokeSecurityGroupIngress\",\"ec2:DescribeVpcs\",\"elasticloadbalancing:AddTags\",\"elasticloadbalancing:AttachLoadBalancerToSubnets\",\"elasticloadbalancing:ApplySecurityGroupsToLoadBalancer\",\"elasticloadbalancing:CreateLoadBalancer\",\"elasticloadbalancing:CreateLoadBalancerPolicy\",\"elasticloadbalancing:CreateLoadBalancerListeners\",\"elasticloadbalancing:ConfigureHealthCheck\",\"elasticloadbalancing:DeleteLoadBalancer\",\"elasticloadbalancing:DeleteLoadBalancerListeners\",\"elasticloadbalancing:DescribeLoadBalancers\",\"elasticloadbalancing:DescribeLoadBalancerAttributes\",\"elasticloadbalancing:DetachLoadBalancerFromSubnets\",\"elasticloadbalancing:DeregisterInstancesFromLoadBalancer\",\"elasticloadbalancing:ModifyLoadBalancerAttributes\",\"elasticloadbalancing:RegisterInstancesWithLoadBalancer\",\"elasticloadbalancing:SetLoadBalancerPoliciesForBackendServer\",\"elasticloadbalancing:AddTags\",\"elasticloadbalancing:CreateListener\",\"elasticloadbalancing:CreateTargetGroup\",\"elasticloadbalancing:DeleteListener\",\"elasticloadbalancing:DeleteTargetGroup\",\"elasticloadbalancing:DescribeListeners\",\"elasticloadbalancing:DescribeLoadBalancerPolicies\",\"elasticloadbalancing:DescribeTargetGroups\",\"elasticloadbalancing:DescribeTargetHealth\",\"elasticloadbalancing:ModifyListener\",\"elasticloadbalancing:ModifyTargetGroup\",\"elasticloadbalancing:RegisterTargets\",\"elasticloadbalancing:SetLoadBalancerPoliciesOfListener\",\"iam:CreateServiceLinkedRole\",\"kms:DescribeKey\"],\"Effect\":\"Allow\",\"Resource\":[\"*\"]}],\"Version\":\"2012-10-17\"}",
            "policy_id": "ANPAYR4BRAWVJGOLANJKO",
            "tags": {},
            "tags_all": {}
          },
          "sensitive_attributes": [],
          "private": "bnVsbA=="
        }
      ]
    },
    {
      "mode": "managed",
      "type": "aws_iam_policy",
      "name": "policy_for_rke_etcd_worker_role",
      "provider": "provider[\"registry.terraform.io/hashicorp/aws\"]",
      "instances": [
        {
          "schema_version": 0,
          "attributes": {
            "arn": "arn:aws:iam::588145296810:policy/petclinic_policy_for_rke_etcd_worker_role",
            "description": "",
            "id": "arn:aws:iam::588145296810:policy/petclinic_policy_for_rke_etcd_worker_role",
            "name": "petclinic_policy_for_rke_etcd_worker_role",
            "name_prefix": "",
            "path": "/",
            "policy": "{\"Statement\":[{\"Action\":[\"ec2:DescribeInstances\",\"ec2:DescribeRegions\",\"ecr:GetAuthorizationToken\",\"ecr:BatchCheckLayerAvailability\",\"ecr:GetDownloadUrlForLayer\",\"ecr:GetRepositoryPolicy\",\"ecr:DescribeRepositories\",\"ecr:ListImages\",\"ecr:BatchGetImage\"],\"Effect\":\"Allow\",\"Resource\":\"*\"}],\"Version\":\"2012-10-17\"}",
            "policy_id": "ANPAYR4BRAWVJULID54EK",
            "tags": {},
            "tags_all": {}
          },
          "sensitive_attributes": [],
          "private": "bnVsbA=="
        }
      ]
    },
    {
      "mode": "managed",
      "type": "aws_iam_policy_attachment",
      "name": "attach_for_rancher1",
      "provider": "provider[\"registry.terraform.io/hashicorp/aws\"]",
      "instances": [
        {
          "schema_version": 0,
          "attributes": {
            "groups": [],
            "id": "petclinic_attachment_for_rancher_controlplane",
            "name": "petclinic_attachment_for_rancher_controlplane",
            "policy_arn": "arn:aws:iam::588145296810:policy/petclinic_policy_for_rke-controlplane_role",
            "roles": [
              "petclinic_role_rancher-oliver"
            ],
            "users": []
          },
          "sensitive_attributes": [],
          "private": "bnVsbA==",
          "dependencies": [
            "aws_iam_policy.policy_for_rke-controlplane_role",
            "aws_iam_role.role_for_rancher"
          ]
        }
      ]
    },
    {
      "mode": "managed",
      "type": "aws_iam_policy_attachment",
      "name": "attach_for_rancher2",
      "provider": "provider[\"registry.terraform.io/hashicorp/aws\"]",
      "instances": [
        {
          "schema_version": 0,
          "attributes": {
            "groups": [],
            "id": "petclinic_attachment_for_rancher_controlplane",
            "name": "petclinic_attachment_for_rancher_controlplane",
            "policy_arn": "arn:aws:iam::588145296810:policy/petclinic_policy_for_rke_etcd_worker_role",
            "roles": [
              "petclinic_role_rancher-oliver"
            ],
            "users": []
          },
          "sensitive_attributes": [],
          "private": "bnVsbA==",
          "dependencies": [
            "aws_iam_policy.policy_for_rke_etcd_worker_role",
            "aws_iam_role.role_for_rancher"
          ]
        }
      ]
    },
    {
      "mode": "managed",
      "type": "aws_iam_role",
      "name": "role_for_rancher",
      "provider": "provider[\"registry.terraform.io/hashicorp/aws\"]",
      "instances": [
        {
          "schema_version": 0,
          "attributes": {
            "arn": "arn:aws:iam::588145296810:role/petclinic_role_rancher-oliver",
            "assume_role_policy": "{\"Statement\":[{\"Action\":\"sts:AssumeRole\",\"Effect\":\"Allow\",\"Principal\":{\"Service\":\"ec2.amazonaws.com\"},\"Sid\":\"\"}],\"Version\":\"2012-10-17\"}",
            "create_date": "2024-11-15T12:50:24Z",
            "description": "",
            "force_detach_policies": false,
            "id": "petclinic_role_rancher-oliver",
            "inline_policy": [],
            "managed_policy_arns": [
              "arn:aws:iam::588145296810:policy/petclinic_policy_for_rke-controlplane_role",
              "arn:aws:iam::588145296810:policy/petclinic_policy_for_rke_etcd_worker_role"
            ],
            "max_session_duration": 3600,
            "name": "petclinic_role_rancher-oliver",
            "name_prefix": "",
            "path": "/",
            "permissions_boundary": null,
            "role_last_used": [
              {
                "last_used_date": "",
                "region": ""
              }
            ],
            "tags": {
              "Name": "petclinic_role_controlplane_rke"
            },
            "tags_all": {
              "Name": "petclinic_role_controlplane_rke"
            },
            "unique_id": "AROAYR4BRAWVCOEYJRZWB"
          },
          "sensitive_attributes": [],
          "private": "bnVsbA=="
        }
      ]
    },
    {
      "mode": "managed",
      "type": "aws_instance",
      "name": "tf-rancher-server",
      "provider": "provider[\"registry.terraform.io/hashicorp/aws\"]",
      "instances": [
        {
          "schema_version": 1,
          "attributes": {
            "ami": "ami-005fc0f236362e99f",
            "arn": "arn:aws:ec2:us-east-1:588145296810:instance/i-04224f09aab81410c",
            "associate_public_ip_address": true,
            "availability_zone": "us-east-1b",
            "capacity_reservation_specification": [
              {
                "capacity_reservation_preference": "open",
                "capacity_reservation_target": []
              }
            ],
            "cpu_core_count": 1,
            "cpu_options": [
              {
                "amd_sev_snp": "",
                "core_count": 1,
                "threads_per_core": 2
              }
            ],
            "cpu_threads_per_core": 2,
            "credit_specification": [
              {
                "cpu_credits": "unlimited"
              }
            ],
            "disable_api_stop": false,
            "disable_api_termination": false,
            "ebs_block_device": [],
            "ebs_optimized": false,
            "enclave_options": [
              {
                "enabled": false
              }
            ],
            "ephemeral_block_device": [],
            "get_password_data": false,
            "hibernation": false,
            "host_id": "",
            "host_resource_group_arn": null,
            "iam_instance_profile": "petclinic_role_rancher-oliver",
            "id": "i-04224f09aab81410c",
            "instance_initiated_shutdown_behavior": "stop",
            "instance_state": "running",
            "instance_type": "t3a.medium",
            "ipv6_address_count": 0,
            "ipv6_addresses": [],
            "key_name": "petclinic-rancher-andy",
            "launch_template": [],
            "maintenance_options": [
              {
                "auto_recovery": "default"
              }
            ],
            "metadata_options": [
              {
                "http_endpoint": "enabled",
                "http_put_response_hop_limit": 1,
                "http_tokens": "optional",
                "instance_metadata_tags": "disabled"
              }
            ],
            "monitoring": false,
            "network_interface": [],
            "outpost_arn": "",
            "password_data": "",
            "placement_group": "",
            "placement_partition_number": 0,
            "primary_network_interface_id": "eni-05bc80a793c047cad",
            "private_dns": "ip-172-31-9-184.ec2.internal",
            "private_dns_name_options": [
              {
                "enable_resource_name_dns_a_record": false,
                "enable_resource_name_dns_aaaa_record": false,
                "hostname_type": "ip-name"
              }
            ],
            "private_ip": "172.31.9.184",
            "public_dns": "ec2-3-238-43-52.compute-1.amazonaws.com",
            "public_ip": "3.238.43.52",
            "root_block_device": [
              {
                "delete_on_termination": true,
                "device_name": "/dev/sda1",
                "encrypted": false,
                "iops": 100,
                "kms_key_id": "",
                "tags": {},
                "throughput": 0,
                "volume_id": "vol-00bf8e44a6807f447",
                "volume_size": 16,
                "volume_type": "gp2"
              }
            ],
            "secondary_private_ips": [],
            "security_groups": [
              "rancher-server-sec-gr-oliver"
            ],
            "source_dest_check": true,
            "subnet_id": "subnet-0beea70633210965d",
            "tags": {
              "Name": "petclinic-rancher-server",
              "kubernetes.io/cluster/petclinic-Rancher": "owned"
            },
            "tags_all": {
              "Name": "petclinic-rancher-server",
              "kubernetes.io/cluster/petclinic-Rancher": "owned"
            },
            "tenancy": "default",
            "timeouts": null,
            "user_data": "c41c9fbb4d96417bf02efc72ec35733101a0c3ef",
            "user_data_base64": null,
            "user_data_replace_on_change": false,
            "volume_tags": null,
            "vpc_security_group_ids": [
              "sg-02d2ed0ed654c33f1"
            ]
          },
          "sensitive_attributes": [],
          "private": "eyJlMmJmYjczMC1lY2FhLTExZTYtOGY4OC0zNDM2M2JjN2M0YzAiOnsiY3JlYXRlIjo2MDAwMDAwMDAwMDAsImRlbGV0ZSI6MTIwMDAwMDAwMDAwMCwidXBkYXRlIjo2MDAwMDAwMDAwMDB9LCJzY2hlbWFfdmVyc2lvbiI6IjEifQ==",
          "dependencies": [
            "aws_iam_instance_profile.profile_for_rancher",
            "aws_iam_role.role_for_rancher",
            "aws_key_pair.generated_key",
            "aws_security_group.rancher-alb",
            "aws_security_group.tf-rancher-sec-gr",
            "tls_private_key.example"
          ]
        }
      ]
    },
    {
      "mode": "managed",
      "type": "aws_key_pair",
      "name": "generated_key",
      "provider": "provider[\"registry.terraform.io/hashicorp/aws\"]",
      "instances": [
        {
          "schema_version": 1,
          "attributes": {
            "arn": "arn:aws:ec2:us-east-1:588145296810:key-pair/petclinic-rancher-andy",
            "fingerprint": "05:f0:d8:10:35:9e:c9:18:e4:84:0f:4b:85:ff:cb:e6",
            "id": "petclinic-rancher-andy",
            "key_name": "petclinic-rancher-andy",
            "key_name_prefix": "",
            "key_pair_id": "key-0d9f56c49d18ca9a7",
            "key_type": "rsa",
            "public_key": "ssh-rsa AAAAB3NzaC1yc2EAAAADAQABAAACAQCqzfECHSgBceD/k+V8xsmp5fub0Sju6Tv7EtpxFEXuyMf2ub9WRiX24XZVj0f0MiYW/SPoCfdEWc/dLDEvfmHVGckaY2mDpDMfFPpQehmsn8I+aOLvHU9DgMGqsrO29lnC0ZbXfcheA7vexfb40wh9aV1DqrelLacTfOTz3PMd35kc6qA3nZa/S6la+7YBxSDJitiyRt5lk5KmEisF+M9ghldaY6zQXcsuIQBa3YGPk957aInrEaG88oWuC64rxy96k+OlCgvKmoILgROq+ffQfIvUhDQh1ltY/uGw9lCgZPBVDOIvRImg/pBwT+2I35hODU8JoNJ5Yy5Zn2h8ErAlPvrbztfK/lHYTCt5hSyU2UZjih2gVRpKLC3xUedyO61rPawRd0Jp4eRWgA2/9KrW8WJlrVwlzxIjxzbrT1kWAxc2bRYg+SPdUfqFssGOLhcfiHQqr60DbHQsk+flY3b9jM+HmCtgd1jakJFxQ6v/4LZnaFpK3UuhU4cV6zTJ4dPt0sXm1ll6Jkt6vgDGoAw6HwP/2x/kRgxDOnafMUVvQFnxhWAA4XDo8lFk9AVL4gnO1jwZIY7tlhkrkt49p5V4Cpz39BYJJvrYMwRIfysOmywDmXnNyxIezlOBL0YL6xzzenOkR4ccqADtLthgVnYuGz9Oo4gUrbEi8FKEDBPruQ==",
            "tags": {},
            "tags_all": {}
          },
          "sensitive_attributes": [],
          "private": "eyJzY2hlbWFfdmVyc2lvbiI6IjEifQ==",
          "dependencies": [
            "tls_private_key.example"
          ]
        }
      ]
    },
    {
      "mode": "managed",
      "type": "aws_lb",
      "name": "rancher-alb",
      "provider": "provider[\"registry.terraform.io/hashicorp/aws\"]",
      "instances": [
        {
          "schema_version": 0,
          "attributes": {
            "access_logs": [
              {
                "bucket": "",
                "enabled": false,
                "prefix": ""
              }
            ],
            "arn": "arn:aws:elasticloadbalancing:us-east-1:588145296810:loadbalancer/app/petclinic-rancher-alb-oliver/024003da63659540",
            "arn_suffix": "app/petclinic-rancher-alb-oliver/024003da63659540",
            "customer_owned_ipv4_pool": "",
            "desync_mitigation_mode": "defensive",
            "dns_name": "petclinic-rancher-alb-oliver-983114556.us-east-1.elb.amazonaws.com",
            "drop_invalid_header_fields": false,
            "enable_cross_zone_load_balancing": true,
            "enable_deletion_protection": false,
            "enable_http2": true,
            "enable_tls_version_and_cipher_suite_headers": false,
            "enable_waf_fail_open": false,
            "enable_xff_client_port": false,
            "id": "arn:aws:elasticloadbalancing:us-east-1:588145296810:loadbalancer/app/petclinic-rancher-alb-oliver/024003da63659540",
            "idle_timeout": 60,
            "internal": false,
            "ip_address_type": "ipv4",
            "load_balancer_type": "application",
            "name": "petclinic-rancher-alb-oliver",
            "name_prefix": null,
            "preserve_host_header": false,
            "security_groups": [
              "sg-089c4aa75ef28b6df"
            ],
            "subnet_mapping": [
              {
                "allocation_id": "",
                "ipv6_address": "",
                "outpost_id": "",
                "private_ipv4_address": "",
                "subnet_id": "subnet-0377e306a1c9edbf0"
              },
              {
                "allocation_id": "",
                "ipv6_address": "",
                "outpost_id": "",
                "private_ipv4_address": "",
                "subnet_id": "subnet-08be6fb6a1a25c024"
              },
              {
                "allocation_id": "",
                "ipv6_address": "",
                "outpost_id": "",
                "private_ipv4_address": "",
                "subnet_id": "subnet-0beea70633210965d"
              }
            ],
            "subnets": [
              "subnet-0377e306a1c9edbf0",
              "subnet-08be6fb6a1a25c024",
              "subnet-0beea70633210965d"
            ],
            "tags": {},
            "tags_all": {},
            "timeouts": null,
            "vpc_id": "vpc-0051a73b1b6ffa914",
            "xff_header_processing_mode": "append",
            "zone_id": "Z35SXDOTRQ7X7K"
          },
          "sensitive_attributes": [],
          "private": "eyJlMmJmYjczMC1lY2FhLTExZTYtOGY4OC0zNDM2M2JjN2M0YzAiOnsiY3JlYXRlIjo2MDAwMDAwMDAwMDAsImRlbGV0ZSI6NjAwMDAwMDAwMDAwLCJ1cGRhdGUiOjYwMDAwMDAwMDAwMH19",
          "dependencies": [
            "aws_security_group.rancher-alb"
          ]
        }
      ]
    },
    {
      "mode": "managed",
      "type": "aws_route53_record",
      "name": "arecord",
      "provider": "provider[\"registry.terraform.io/hashicorp/aws\"]",
      "instances": [
        {
          "schema_version": 2,
          "attributes": {
            "alias": [
              {
                "evaluate_target_health": true,
                "name": "petclinic-rancher-alb-oliver-983114556.us-east-1.elb.amazonaws.com",
                "zone_id": "Z35SXDOTRQ7X7K"
              }
            ],
            "allow_overwrite": null,
            "cidr_routing_policy": [],
            "failover_routing_policy": [],
            "fqdn": "ranchero.devops1.link",
            "geolocation_routing_policy": [],
            "health_check_id": "",
            "id": "Z009629423OS9JEP6BEGY_ranchero.devops1.link_A",
            "latency_routing_policy": [],
            "multivalue_answer_routing_policy": false,
            "name": "ranchero.devops1.link",
            "records": [],
            "set_identifier": "",
            "ttl": 0,
            "type": "A",
            "weighted_routing_policy": [],
            "zone_id": "Z009629423OS9JEP6BEGY"
          },
          "sensitive_attributes": [],
          "private": "eyJzY2hlbWFfdmVyc2lvbiI6IjIifQ==",
          "dependencies": [
            "aws_lb.rancher-alb",
            "aws_security_group.rancher-alb",
            "data.aws_route53_zone.dns"
          ]
        }
      ]
    },
    {
      "mode": "managed",
      "type": "aws_security_group",
      "name": "rancher-alb",
      "provider": "provider[\"registry.terraform.io/hashicorp/aws\"]",
      "instances": [
        {
          "schema_version": 1,
          "attributes": {
            "arn": "arn:aws:ec2:us-east-1:588145296810:security-group/sg-089c4aa75ef28b6df",
            "description": "Managed by Terraform",
            "egress": [
              {
                "cidr_blocks": [
                  "0.0.0.0/0"
                ],
                "description": "",
                "from_port": 0,
                "ipv6_cidr_blocks": [],
                "prefix_list_ids": [],
                "protocol": "-1",
                "security_groups": [],
                "self": false,
                "to_port": 0
              }
            ],
            "id": "sg-089c4aa75ef28b6df",
            "ingress": [
              {
                "cidr_blocks": [
                  "0.0.0.0/0"
                ],
                "description": "",
                "from_port": 443,
                "ipv6_cidr_blocks": [],
                "prefix_list_ids": [],
                "protocol": "tcp",
                "security_groups": [],
                "self": false,
                "to_port": 443
              },
              {
                "cidr_blocks": [
                  "0.0.0.0/0"
                ],
                "description": "",
                "from_port": 80,
                "ipv6_cidr_blocks": [],
                "prefix_list_ids": [],
                "protocol": "tcp",
                "security_groups": [],
                "self": false,
                "to_port": 80
              }
            ],
            "name": "petclinicdt-rancher-alb-sec-gr",
            "name_prefix": "",
            "owner_id": "588145296810",
            "revoke_rules_on_delete": false,
            "tags": {
              "Name": "petclinicdt-rancher-alb-sec-gr",
              "kubernetes.io/cluster/petclinic-Rancher": "owned"
            },
            "tags_all": {
              "Name": "petclinicdt-rancher-alb-sec-gr",
              "kubernetes.io/cluster/petclinic-Rancher": "owned"
            },
            "timeouts": null,
            "vpc_id": "vpc-0051a73b1b6ffa914"
          },
          "sensitive_attributes": [],
          "private": "eyJlMmJmYjczMC1lY2FhLTExZTYtOGY4OC0zNDM2M2JjN2M0YzAiOnsiY3JlYXRlIjo2MDAwMDAwMDAwMDAsImRlbGV0ZSI6OTAwMDAwMDAwMDAwfSwic2NoZW1hX3ZlcnNpb24iOiIxIn0="
        }
      ]
    },
    {
      "mode": "managed",
      "type": "aws_security_group",
      "name": "tf-rancher-sec-gr",
      "provider": "provider[\"registry.terraform.io/hashicorp/aws\"]",
      "instances": [
        {
          "schema_version": 1,
          "attributes": {
            "arn": "arn:aws:ec2:us-east-1:588145296810:security-group/sg-02d2ed0ed654c33f1",
            "description": "Managed by Terraform",
            "egress": [
              {
                "cidr_blocks": [
                  "0.0.0.0/0"
                ],
                "description": "",
                "from_port": 0,
                "ipv6_cidr_blocks": [],
                "prefix_list_ids": [],
                "protocol": "-1",
                "security_groups": [],
                "self": false,
                "to_port": 0
              },
              {
                "cidr_blocks": [
                  "0.0.0.0/0"
                ],
                "description": "",
                "from_port": 22,
                "ipv6_cidr_blocks": [],
                "prefix_list_ids": [],
                "protocol": "tcp",
                "security_groups": [],
                "self": false,
                "to_port": 22
              },
              {
                "cidr_blocks": [
                  "0.0.0.0/0"
                ],
                "description": "",
                "from_port": 2376,
                "ipv6_cidr_blocks": [],
                "prefix_list_ids": [],
                "protocol": "tcp",
                "security_groups": [],
                "self": false,
                "to_port": 2376
              },
              {
                "cidr_blocks": [
                  "0.0.0.0/0"
                ],
                "description": "",
                "from_port": 80,
                "ipv6_cidr_blocks": [],
                "prefix_list_ids": [],
                "protocol": "tcp",
                "security_groups": [],
                "self": false,
                "to_port": 80
              },
              {
                "cidr_blocks": [
                  "35.167.242.46/32",
                  "52.33.59.17/32",
                  "35.160.43.145/32"
                ],
                "description": "",
                "from_port": 443,
                "ipv6_cidr_blocks": [],
                "prefix_list_ids": [],
                "protocol": "tcp",
                "security_groups": [],
                "self": false,
                "to_port": 443
              },
              {
                "cidr_blocks": [],
                "description": "",
                "from_port": 0,
                "ipv6_cidr_blocks": [],
                "prefix_list_ids": [],
                "protocol": "-1",
                "security_groups": [],
                "self": true,
                "to_port": 0
              }
            ],
            "id": "sg-02d2ed0ed654c33f1",
            "ingress": [
              {
                "cidr_blocks": [
                  "0.0.0.0/0"
                ],
                "description": "",
                "from_port": 22,
                "ipv6_cidr_blocks": [],
                "prefix_list_ids": [],
                "protocol": "tcp",
                "security_groups": [],
                "self": false,
                "to_port": 22
              },
              {
                "cidr_blocks": [
                  "0.0.0.0/0"
                ],
                "description": "",
                "from_port": 443,
                "ipv6_cidr_blocks": [],
                "prefix_list_ids": [],
                "protocol": "tcp",
                "security_groups": [],
                "self": false,
                "to_port": 443
              },
              {
                "cidr_blocks": [
                  "0.0.0.0/0"
                ],
                "description": "",
                "from_port": 6443,
                "ipv6_cidr_blocks": [],
                "prefix_list_ids": [],
                "protocol": "tcp",
                "security_groups": [],
                "self": false,
                "to_port": 6443
              },
              {
                "cidr_blocks": [],
                "description": "",
                "from_port": 0,
                "ipv6_cidr_blocks": [],
                "prefix_list_ids": [],
                "protocol": "-1",
                "security_groups": [],
                "self": true,
                "to_port": 0
              },
              {
                "cidr_blocks": [],
                "description": "",
                "from_port": 80,
                "ipv6_cidr_blocks": [],
                "prefix_list_ids": [],
                "protocol": "tcp",
                "security_groups": [
                  "sg-089c4aa75ef28b6df"
                ],
                "self": false,
                "to_port": 80
              }
            ],
            "name": "rancher-server-sec-gr-oliver",
            "name_prefix": "",
            "owner_id": "588145296810",
            "revoke_rules_on_delete": false,
            "tags": {
              "Name": "rancher-server-sec-gr-oliver",
              "kubernetes.io/cluster/petclinic-Rancher": "owned"
            },
            "tags_all": {
              "Name": "rancher-server-sec-gr-oliver",
              "kubernetes.io/cluster/petclinic-Rancher": "owned"
            },
            "timeouts": null,
            "vpc_id": "vpc-0051a73b1b6ffa914"
          },
          "sensitive_attributes": [],
          "private": "eyJlMmJmYjczMC1lY2FhLTExZTYtOGY4OC0zNDM2M2JjN2M0YzAiOnsiY3JlYXRlIjo2MDAwMDAwMDAwMDAsImRlbGV0ZSI6OTAwMDAwMDAwMDAwfSwic2NoZW1hX3ZlcnNpb24iOiIxIn0=",
          "dependencies": [
            "aws_security_group.rancher-alb"
          ]
        }
      ]
    },
    {
      "mode": "managed",
      "type": "null_resource",
      "name": "privatekey",
      "provider": "provider[\"registry.terraform.io/hashicorp/null\"]",
      "instances": [
        {
          "schema_version": 0,
          "attributes": {
            "id": "4709888291312765219",
            "triggers": null
          },
          "sensitive_attributes": [],
          "dependencies": [
            "tls_private_key.example"
          ]
        }
      ]
    },
    {
      "mode": "managed",
      "type": "tls_private_key",
      "name": "example",
      "provider": "provider[\"registry.terraform.io/hashicorp/tls\"]",
      "instances": [
        {
          "schema_version": 1,
          "attributes": {
            "algorithm": "RSA",
            "ecdsa_curve": "P224",
            "id": "6a5fe60c7e88f80838d3e7bbfb0ad1987f9a677c",
            "private_key_openssh": "-----BEGIN OPENSSH PRIVATE KEY-----\nb3BlbnNzaC1rZXktdjEAAAAABG5vbmUAAAAEbm9uZQAAAAAAAAABAAACFwAAAAdz\nc2gtcnNhAAAAAwEAAQAAAgEAqs3xAh0oAXHg/5PlfMbJqeX7m9Eo7uk7+xLacRRF\n7sjH9rm/VkYl9uF2VY9H9DImFv0j6An3RFnP3SwxL35h1RnJGmNpg6QzHxT6UHoZ\nrJ/CPmji7x1PQ4DBqrKztvZZwtGW133IXgO73sX2+NMIfWldQ6q3pS2nE3zk89zz\nHd+ZHOqgN52Wv0upWvu2AcUgyYrYskbeZZOSphIrBfjPYIZXWmOs0F3LLiEAWt2B\nj5Pee2iJ6xGhvPKFrguuK8cvepPjpQoLypqCC4ETqvn30HyL1IQ0IdZbWP7hsPZQ\noGTwVQziL0SJoP6QcE/tiN+YTg1PCaDSeWMuWZ9ofBKwJT76287Xyv5R2EwreYUs\nlNlGY4odoFUaSiwt8VHncjutaz2sEXdCaeHkVoANv/Sq1vFiZa1cJc8SI8c2609Z\nFgMXNm0WIPkj3VH6hbLBji4XH4h0Kq+tA2x0LJPn5WN2/YzPh5grYHdY2pCRcUOr\n/+C2Z2haSt1LoVOHFes0yeHT7dLF5tZZeiZLer4AxqAMOh8D/9sf5EYMQzp2nzFF\nb0BZ8YVgAOFw6PJRZPQFS+IJztY8GSGO7ZYZK5LePaeVeAqc9/QWCSb62DMESH8r\nDpssA5l5zcsSHs5TgS9GC+sc83pzpEeHHKgA7S7YYFZ2Lhs/TqOIFK2xIvBShAwT\n67kAAAc4peQ286XkNvMAAAAHc3NoLXJzYQAAAgEAqs3xAh0oAXHg/5PlfMbJqeX7\nm9Eo7uk7+xLacRRF7sjH9rm/VkYl9uF2VY9H9DImFv0j6An3RFnP3SwxL35h1RnJ\nGmNpg6QzHxT6UHoZrJ/CPmji7x1PQ4DBqrKztvZZwtGW133IXgO73sX2+NMIfWld\nQ6q3pS2nE3zk89zzHd+ZHOqgN52Wv0upWvu2AcUgyYrYskbeZZOSphIrBfjPYIZX\nWmOs0F3LLiEAWt2Bj5Pee2iJ6xGhvPKFrguuK8cvepPjpQoLypqCC4ETqvn30HyL\n1IQ0IdZbWP7hsPZQoGTwVQziL0SJoP6QcE/tiN+YTg1PCaDSeWMuWZ9ofBKwJT76\n287Xyv5R2EwreYUslNlGY4odoFUaSiwt8VHncjutaz2sEXdCaeHkVoANv/Sq1vFi\nZa1cJc8SI8c2609ZFgMXNm0WIPkj3VH6hbLBji4XH4h0Kq+tA2x0LJPn5WN2/YzP\nh5grYHdY2pCRcUOr/+C2Z2haSt1LoVOHFes0yeHT7dLF5tZZeiZLer4AxqAMOh8D\n/9sf5EYMQzp2nzFFb0BZ8YVgAOFw6PJRZPQFS+IJztY8GSGO7ZYZK5LePaeVeAqc\n9/QWCSb62DMESH8rDpssA5l5zcsSHs5TgS9GC+sc83pzpEeHHKgA7S7YYFZ2Lhs/\nTqOIFK2xIvBShAwT67kAAAADAQABAAACAAQ6MJrSyeivPthUeruJ1/fif0Wt+Ytg\nLmHaZ5mg3NI6GejbVAb4mXvwvJMFhsxeaV7sSPU3Oe1xI5nfvB/mytkRWE7U4wml\nCLbeOAvB2dzR32bYBbXRTeLnzuNApP4EPth5g3g13r2k7gNnduNVpcIk13ATS5RE\n+vuafbgjYcj9fbaff/OgbNizMK/Vxv1oOZWDYDWZV2vAKUL+9B2juM40xPixutc1\nWw/7NR0KmmhJSppXTgKJXy1j+zcBhwACYARyoJG3G++Zv1o1iZ0TrrR0QKmz0+56\ndaxQMpnEnt45YVFZjkeJNLbNVhnRgJmAny5fWfNtDYh/kegZ7+YSOFXJSD9QzCpJ\nD2tne2GcB4mjKlFjRu/dcHd7yPVbmsPsF96I31nD9+EJa8F0ie3wjy3YDyg0hiIB\n1xLCTtDElnNF15TKRWo0JR4waqNi8akvELE9e9ZN6AZp+In7NHw6tGcDqkLL/u8Y\nS8SpHHzMCJJl546xeMWo4xpM+M0SKNLLkOjTY9kcvK9MqX6O4Nkf4KlmAwci1rTP\nk6NxqRbULBU9sI1ufoCA/mEfRaQZKvwCRNEH23f2/Au2T6tB5OWMvn1eKXK0r/87\nnB+v43htuZPVHWtsqZ95RKRtORQ3Ghxbe3b5MjXAStFIHJlH9UWpFOuf3DSGjOao\nUl7/xWj8fRCZAAABAQDArDmEaRDbXh+0OWOePPCHQZVoa9HYCfL8hk8+GVmk9Ffo\ntToJ8Zp0nF6Lfnc0fqaEEgZf9U8QRPaYeAYbmlcymVFou2RYzGax4CI6noIPhfhx\nUAVfC1Nc/eMNmwRxNvVgWhqhS+g7KNkTz4xvrPu9butvyNSHWSx54BfzQh5J6aPN\no6Tkql+f3N6Yohj5Y3G0nNvdsmMdnrntzmbZ6Jfl84czjL0tvZm/hcEFFf+jNw1T\nDw7JDVDXrA7U5K9H92lepbQT/1j65JUCXobhvETh35BgVcLkmp/vfKsO2O8lv4Or\npFq3gk/c//vO1/x4LqJ6bZlVAVGNXcbSto5+5IvHAAABAQDepn/iszY7jT0zzc2l\nOIdfSr/KbM8596Q/18xAgmCiN3yW5l7KfFhi8arCNNw+WF/Pr9yXJozj9pSO85kK\n5mOMKlhcWFRYxWaSCKFDvsbMnSA54qtxRc2FV3gdKIaN4cLDkNNJomMinUleGKmV\n8kkvvb7JX7VjvMIoaHW7iDjzJah6WxWyJwqmwRy1vxKjoRQDPihIKgN0SKHdtsGT\ne5YuB8Fj4W2WkXCypbswYD4eWNm7ePYX6RoEwpcmwOkNgsKjliYdVrTpcKRx1BCf\nsBtSxGGkkdnemtbavHPEs8NA2RGNimXeSjfwa7n0zEjGr/culWH3xI7sjhBDmHZ0\n4b67AAABAQDEY2qX8ZbG6wsDF70DcRtBK9kowQ0Fnj23PGVfqLHRrlYSHVnEMEl6\nZ1OgRbdxVO1O/pFYIP7hd6M0Of9X06BtAUkY6oxNJFRqlhEB8WW6MktaZLTyRvZ0\nsWNhNYQ1wmnPCowtbu7uo20SuYE0S8vD6v2vyw5tIITgxAZO8OnjDEaPjSUDt1KP\ng4u+fGpSoJwPFEKaj6jnKHr2ZD9Fk1TYloJaUttXrPIl+08K0B0IsMCZQ1KheniZ\n9Wy32TxaTbgj+l87pcXwntS9N754kwKkEGzpsVJ7IDUIgGngQtKsL+yNtfUZSUV6\nXRvHsO01Fpin4HkFL5plHiEsME5RHIobAAAAAAEC\n-----END OPENSSH PRIVATE KEY-----\n",
            "private_key_pem": "-----BEGIN RSA PRIVATE KEY-----\nMIIJKAIBAAKCAgEAqs3xAh0oAXHg/5PlfMbJqeX7m9Eo7uk7+xLacRRF7sjH9rm/\nVkYl9uF2VY9H9DImFv0j6An3RFnP3SwxL35h1RnJGmNpg6QzHxT6UHoZrJ/CPmji\n7x1PQ4DBqrKztvZZwtGW133IXgO73sX2+NMIfWldQ6q3pS2nE3zk89zzHd+ZHOqg\nN52Wv0upWvu2AcUgyYrYskbeZZOSphIrBfjPYIZXWmOs0F3LLiEAWt2Bj5Pee2iJ\n6xGhvPKFrguuK8cvepPjpQoLypqCC4ETqvn30HyL1IQ0IdZbWP7hsPZQoGTwVQzi\nL0SJoP6QcE/tiN+YTg1PCaDSeWMuWZ9ofBKwJT76287Xyv5R2EwreYUslNlGY4od\noFUaSiwt8VHncjutaz2sEXdCaeHkVoANv/Sq1vFiZa1cJc8SI8c2609ZFgMXNm0W\nIPkj3VH6hbLBji4XH4h0Kq+tA2x0LJPn5WN2/YzPh5grYHdY2pCRcUOr/+C2Z2ha\nSt1LoVOHFes0yeHT7dLF5tZZeiZLer4AxqAMOh8D/9sf5EYMQzp2nzFFb0BZ8YVg\nAOFw6PJRZPQFS+IJztY8GSGO7ZYZK5LePaeVeAqc9/QWCSb62DMESH8rDpssA5l5\nzcsSHs5TgS9GC+sc83pzpEeHHKgA7S7YYFZ2Lhs/TqOIFK2xIvBShAwT67kCAwEA\nAQKCAgAEOjCa0snorz7YVHq7idf34n9FrfmLYC5h2meZoNzSOhno21QG+Jl78LyT\nBYbMXmle7Ej1NzntcSOZ37wf5srZEVhO1OMJpQi23jgLwdnc0d9m2AW10U3i587j\nQKT+BD7YeYN4Nd69pO4DZ3bjVaXCJNdwE0uURPr7mn24I2HI/X22n3/zoGzYszCv\n1cb9aDmVg2A1mVdrwClC/vQdo7jONMT4sbrXNVsP+zUdCppoSUqaV04CiV8tY/s3\nAYcAAmAEcqCRtxvvmb9aNYmdE660dECps9PuenWsUDKZxJ7eOWFRWY5HiTS2zVYZ\n0YCZgJ8uX1nzbQ2If5HoGe/mEjhVyUg/UMwqSQ9rZ3thnAeJoypRY0bv3XB3e8j1\nW5rD7BfeiN9Zw/fhCWvBdInt8I8t2A8oNIYiAdcSwk7QxJZzRdeUykVqNCUeMGqj\nYvGpLxCxPXvWTegGafiJ+zR8OrRnA6pCy/7vGEvEqRx8zAiSZeeOsXjFqOMaTPjN\nEijSy5Do02PZHLyvTKl+juDZH+CpZgMHIta0z5OjcakW1CwVPbCNbn6AgP5hH0Wk\nGSr8AkTRB9t39vwLtk+rQeTljL59XilytK//O5wfr+N4bbmT1R1rbKmfeUSkbTkU\nNxocW3t2+TI1wErRSByZR/VFqRTrn9w0hozmqFJe/8Vo/H0QmQKCAQEA3qZ/4rM2\nO409M83NpTiHX0q/ymzPOfekP9fMQIJgojd8luZeynxYYvGqwjTcPlhfz6/clyaM\n4/aUjvOZCuZjjCpYXFhUWMVmkgihQ77GzJ0gOeKrcUXNhVd4HSiGjeHCw5DTSaJj\nIp1JXhiplfJJL72+yV+1Y7zCKGh1u4g48yWoelsVsicKpsEctb8So6EUAz4oSCoD\ndEih3bbBk3uWLgfBY+FtlpFwsqW7MGA+HljZu3j2F+kaBMKXJsDpDYLCo5YmHVa0\n6XCkcdQQn7AbUsRhpJHZ3prW2rxzxLPDQNkRjYpl3ko38Gu59MxIxq/3LpVh98SO\n7I4QQ5h2dOG+uwKCAQEAxGNql/GWxusLAxe9A3EbQSvZKMENBZ49tzxlX6ix0a5W\nEh1ZxDBJemdToEW3cVTtTv6RWCD+4XejNDn/V9OgbQFJGOqMTSRUapYRAfFlujJL\nWmS08kb2dLFjYTWENcJpzwqMLW7u7qNtErmBNEvLw+r9r8sObSCE4MQGTvDp4wxG\nj40lA7dSj4OLvnxqUqCcDxRCmo+o5yh69mQ/RZNU2JaCWlLbV6zyJftPCtAdCLDA\nmUNSoXp4mfVst9k8Wk24I/pfO6XF8J7UvTe+eJMCpBBs6bFSeyA1CIBp4ELSrC/s\njbX1GUlFel0bx7DtNRaYp+B5BS+aZR4hLDBOURyKGwKCAQAW23D1jQBcTLujvdUG\nyS7ckYfu+AyuHsY156mIVdolzRx1QWEp2GoafkTReyvBGsF7SMqUmdiM7puBsXBc\nthoyIYbAtDC0jE9jXo9vrP4rs1XDm4mOL2RR9BDYrXhiyHJ+MTf/rzQOMad+iXmf\ncyggRpJ3iePNQWuNSmwLvIhcLdmF9iPcDjYBuIGCBwOa2MZ9Lrxj7Cw+m9ZCNKja\nwy0/vHwWDOZ7NqMjM/BrnvXBl82CeYCKI9wP8QojaFqEkI/6y0dOa8BW1sGLDgJG\n4oVrkc2UX4TGXY8BFaes4eeBmMc8iKC8mVH01Jpajz5JZ3cwyRUtongpwMvapKRE\ni4hRAoIBAGfbM2m7J0N21VIDYb/KNuGWMLdusFZCQtz+IZYe/jqm+XmG8AvihVkn\n/3+InuReR0k5Mt/qQyA1Rqe97B0kG3jJ70Av+ZZqGgJr7f6bDHMVWegpzc86W+eG\nT8n+pTZQ4+fL6im0usKUxn/afkuLseyf/xzSQ4TOZ7b9s2BX4zhhK4eK2wJGFnEy\n3doUrZ2Yti77ReW7B1WHgM+AYD2JFpubrL/bhYeuPDh92GUdfd00rAXhJnei7ths\ng9wOE+6lnzXXmDlRB4aiWFrgeegFxqXA0fgcAESA2crvLg6dCBBrH6wph76hkw6M\n4r4OAMPMeVp+SUHG1N2Yu25E9YXLk/UCggEBAMCsOYRpENteH7Q5Y5488IdBlWhr\n0dgJ8vyGTz4ZWaT0V+i1OgnxmnScXot+dzR+poQSBl/1TxBE9ph4BhuaVzKZUWi7\nZFjMZrHgIjqegg+F+HFQBV8LU1z94w2bBHE29WBaGqFL6Dso2RPPjG+s+71u62/I\n1IdZLHngF/NCHknpo82jpOSqX5/c3piiGPljcbSc292yYx2eue3OZtnol+XzhzOM\nvS29mb+FwQUV/6M3DVMPDskNUNesDtTkr0f3aV6ltBP/WPrklQJehuG8ROHfkGBV\nwuSan+98qw7Y7yW/g6ukWreCT9z/+87X/HguonptmVUBUY1dxtK2jn7ki8c=\n-----END RSA PRIVATE KEY-----\n",
            "private_key_pem_pkcs8": "-----BEGIN PRIVATE KEY-----\nMIIJQgIBADANBgkqhkiG9w0BAQEFAASCCSwwggkoAgEAAoICAQCqzfECHSgBceD/\nk+V8xsmp5fub0Sju6Tv7EtpxFEXuyMf2ub9WRiX24XZVj0f0MiYW/SPoCfdEWc/d\nLDEvfmHVGckaY2mDpDMfFPpQehmsn8I+aOLvHU9DgMGqsrO29lnC0ZbXfcheA7ve\nxfb40wh9aV1DqrelLacTfOTz3PMd35kc6qA3nZa/S6la+7YBxSDJitiyRt5lk5Km\nEisF+M9ghldaY6zQXcsuIQBa3YGPk957aInrEaG88oWuC64rxy96k+OlCgvKmoIL\ngROq+ffQfIvUhDQh1ltY/uGw9lCgZPBVDOIvRImg/pBwT+2I35hODU8JoNJ5Yy5Z\nn2h8ErAlPvrbztfK/lHYTCt5hSyU2UZjih2gVRpKLC3xUedyO61rPawRd0Jp4eRW\ngA2/9KrW8WJlrVwlzxIjxzbrT1kWAxc2bRYg+SPdUfqFssGOLhcfiHQqr60DbHQs\nk+flY3b9jM+HmCtgd1jakJFxQ6v/4LZnaFpK3UuhU4cV6zTJ4dPt0sXm1ll6Jkt6\nvgDGoAw6HwP/2x/kRgxDOnafMUVvQFnxhWAA4XDo8lFk9AVL4gnO1jwZIY7tlhkr\nkt49p5V4Cpz39BYJJvrYMwRIfysOmywDmXnNyxIezlOBL0YL6xzzenOkR4ccqADt\nLthgVnYuGz9Oo4gUrbEi8FKEDBPruQIDAQABAoICAAQ6MJrSyeivPthUeruJ1/fi\nf0Wt+YtgLmHaZ5mg3NI6GejbVAb4mXvwvJMFhsxeaV7sSPU3Oe1xI5nfvB/mytkR\nWE7U4wmlCLbeOAvB2dzR32bYBbXRTeLnzuNApP4EPth5g3g13r2k7gNnduNVpcIk\n13ATS5RE+vuafbgjYcj9fbaff/OgbNizMK/Vxv1oOZWDYDWZV2vAKUL+9B2juM40\nxPixutc1Ww/7NR0KmmhJSppXTgKJXy1j+zcBhwACYARyoJG3G++Zv1o1iZ0TrrR0\nQKmz0+56daxQMpnEnt45YVFZjkeJNLbNVhnRgJmAny5fWfNtDYh/kegZ7+YSOFXJ\nSD9QzCpJD2tne2GcB4mjKlFjRu/dcHd7yPVbmsPsF96I31nD9+EJa8F0ie3wjy3Y\nDyg0hiIB1xLCTtDElnNF15TKRWo0JR4waqNi8akvELE9e9ZN6AZp+In7NHw6tGcD\nqkLL/u8YS8SpHHzMCJJl546xeMWo4xpM+M0SKNLLkOjTY9kcvK9MqX6O4Nkf4Klm\nAwci1rTPk6NxqRbULBU9sI1ufoCA/mEfRaQZKvwCRNEH23f2/Au2T6tB5OWMvn1e\nKXK0r/87nB+v43htuZPVHWtsqZ95RKRtORQ3Ghxbe3b5MjXAStFIHJlH9UWpFOuf\n3DSGjOaoUl7/xWj8fRCZAoIBAQDepn/iszY7jT0zzc2lOIdfSr/KbM8596Q/18xA\ngmCiN3yW5l7KfFhi8arCNNw+WF/Pr9yXJozj9pSO85kK5mOMKlhcWFRYxWaSCKFD\nvsbMnSA54qtxRc2FV3gdKIaN4cLDkNNJomMinUleGKmV8kkvvb7JX7VjvMIoaHW7\niDjzJah6WxWyJwqmwRy1vxKjoRQDPihIKgN0SKHdtsGTe5YuB8Fj4W2WkXCypbsw\nYD4eWNm7ePYX6RoEwpcmwOkNgsKjliYdVrTpcKRx1BCfsBtSxGGkkdnemtbavHPE\ns8NA2RGNimXeSjfwa7n0zEjGr/culWH3xI7sjhBDmHZ04b67AoIBAQDEY2qX8ZbG\n6wsDF70DcRtBK9kowQ0Fnj23PGVfqLHRrlYSHVnEMEl6Z1OgRbdxVO1O/pFYIP7h\nd6M0Of9X06BtAUkY6oxNJFRqlhEB8WW6MktaZLTyRvZ0sWNhNYQ1wmnPCowtbu7u\no20SuYE0S8vD6v2vyw5tIITgxAZO8OnjDEaPjSUDt1KPg4u+fGpSoJwPFEKaj6jn\nKHr2ZD9Fk1TYloJaUttXrPIl+08K0B0IsMCZQ1KheniZ9Wy32TxaTbgj+l87pcXw\nntS9N754kwKkEGzpsVJ7IDUIgGngQtKsL+yNtfUZSUV6XRvHsO01Fpin4HkFL5pl\nHiEsME5RHIobAoIBABbbcPWNAFxMu6O91QbJLtyRh+74DK4exjXnqYhV2iXNHHVB\nYSnYahp+RNF7K8EawXtIypSZ2Izum4GxcFy2GjIhhsC0MLSMT2Nej2+s/iuzVcOb\niY4vZFH0ENiteGLIcn4xN/+vNA4xp36JeZ9zKCBGkneJ481Ba41KbAu8iFwt2YX2\nI9wONgG4gYIHA5rYxn0uvGPsLD6b1kI0qNrDLT+8fBYM5ns2oyMz8Gue9cGXzYJ5\ngIoj3A/xCiNoWoSQj/rLR05rwFbWwYsOAkbihWuRzZRfhMZdjwEVp6zh54GYxzyI\noLyZUfTUmlqPPklndzDJFS2ieCnAy9qkpESLiFECggEAZ9szabsnQ3bVUgNhv8o2\n4ZYwt26wVkJC3P4hlh7+Oqb5eYbwC+KFWSf/f4ie5F5HSTky3+pDIDVGp73sHSQb\neMnvQC/5lmoaAmvt/psMcxVZ6CnNzzpb54ZPyf6lNlDj58vqKbS6wpTGf9p+S4ux\n7J//HNJDhM5ntv2zYFfjOGErh4rbAkYWcTLd2hStnZi2LvtF5bsHVYeAz4BgPYkW\nm5usv9uFh648OH3YZR193TSsBeEmd6Lu2GyD3A4T7qWfNdeYOVEHhqJYWuB56AXG\npcDR+BwARIDZyu8uDp0IEGsfrCmHvqGTDozivg4Aw8x5Wn5JQcbU3Zi7bkT1hcuT\n9QKCAQEAwKw5hGkQ214ftDljnjzwh0GVaGvR2Any/IZPPhlZpPRX6LU6CfGadJxe\ni353NH6mhBIGX/VPEET2mHgGG5pXMplRaLtkWMxmseAiOp6CD4X4cVAFXwtTXP3j\nDZsEcTb1YFoaoUvoOyjZE8+Mb6z7vW7rb8jUh1kseeAX80IeSemjzaOk5Kpfn9ze\nmKIY+WNxtJzb3bJjHZ657c5m2eiX5fOHM4y9Lb2Zv4XBBRX/ozcNUw8OyQ1Q16wO\n1OSvR/dpXqW0E/9Y+uSVAl6G4bxE4d+QYFXC5Jqf73yrDtjvJb+Dq6Rat4JP3P/7\nztf8eC6iem2ZVQFRjV3G0raOfuSLxw==\n-----END PRIVATE KEY-----\n",
            "public_key_fingerprint_md5": "2a:91:7d:19:f2:21:55:96:74:16:68:7c:41:0c:93:5a",
            "public_key_fingerprint_sha256": "SHA256:PghkIAq9KTIB/oOYdkaHYUSbeO89Fl9tOBMpM7M02VA",
            "public_key_openssh": "ssh-rsa AAAAB3NzaC1yc2EAAAADAQABAAACAQCqzfECHSgBceD/k+V8xsmp5fub0Sju6Tv7EtpxFEXuyMf2ub9WRiX24XZVj0f0MiYW/SPoCfdEWc/dLDEvfmHVGckaY2mDpDMfFPpQehmsn8I+aOLvHU9DgMGqsrO29lnC0ZbXfcheA7vexfb40wh9aV1DqrelLacTfOTz3PMd35kc6qA3nZa/S6la+7YBxSDJitiyRt5lk5KmEisF+M9ghldaY6zQXcsuIQBa3YGPk957aInrEaG88oWuC64rxy96k+OlCgvKmoILgROq+ffQfIvUhDQh1ltY/uGw9lCgZPBVDOIvRImg/pBwT+2I35hODU8JoNJ5Yy5Zn2h8ErAlPvrbztfK/lHYTCt5hSyU2UZjih2gVRpKLC3xUedyO61rPawRd0Jp4eRWgA2/9KrW8WJlrVwlzxIjxzbrT1kWAxc2bRYg+SPdUfqFssGOLhcfiHQqr60DbHQsk+flY3b9jM+HmCtgd1jakJFxQ6v/4LZnaFpK3UuhU4cV6zTJ4dPt0sXm1ll6Jkt6vgDGoAw6HwP/2x/kRgxDOnafMUVvQFnxhWAA4XDo8lFk9AVL4gnO1jwZIY7tlhkrkt49p5V4Cpz39BYJJvrYMwRIfysOmywDmXnNyxIezlOBL0YL6xzzenOkR4ccqADtLthgVnYuGz9Oo4gUrbEi8FKEDBPruQ==\n",
            "public_key_pem": "-----BEGIN PUBLIC KEY-----\nMIICIjANBgkqhkiG9w0BAQEFAAOCAg8AMIICCgKCAgEAqs3xAh0oAXHg/5PlfMbJ\nqeX7m9Eo7uk7+xLacRRF7sjH9rm/VkYl9uF2VY9H9DImFv0j6An3RFnP3SwxL35h\n1RnJGmNpg6QzHxT6UHoZrJ/CPmji7x1PQ4DBqrKztvZZwtGW133IXgO73sX2+NMI\nfWldQ6q3pS2nE3zk89zzHd+ZHOqgN52Wv0upWvu2AcUgyYrYskbeZZOSphIrBfjP\nYIZXWmOs0F3LLiEAWt2Bj5Pee2iJ6xGhvPKFrguuK8cvepPjpQoLypqCC4ETqvn3\n0HyL1IQ0IdZbWP7hsPZQoGTwVQziL0SJoP6QcE/tiN+YTg1PCaDSeWMuWZ9ofBKw\nJT76287Xyv5R2EwreYUslNlGY4odoFUaSiwt8VHncjutaz2sEXdCaeHkVoANv/Sq\n1vFiZa1cJc8SI8c2609ZFgMXNm0WIPkj3VH6hbLBji4XH4h0Kq+tA2x0LJPn5WN2\n/YzPh5grYHdY2pCRcUOr/+C2Z2haSt1LoVOHFes0yeHT7dLF5tZZeiZLer4AxqAM\nOh8D/9sf5EYMQzp2nzFFb0BZ8YVgAOFw6PJRZPQFS+IJztY8GSGO7ZYZK5LePaeV\neAqc9/QWCSb62DMESH8rDpssA5l5zcsSHs5TgS9GC+sc83pzpEeHHKgA7S7YYFZ2\nLhs/TqOIFK2xIvBShAwT67kCAwEAAQ==\n-----END PUBLIC KEY-----\n",
            "rsa_bits": 4096
          },
          "sensitive_attributes": []
        }
      ]
    }
  ],
  "check_results": null
}
